PODS:
  - BEMCheckBox (1.4.1)
  - DGActivityIndicatorView (2.1.1)
  - Masonry (1.1.0)
  - RegexKitLite (4.0)

DEPENDENCIES:
  - BEMCheckBox
  - DGActivityIndicatorView
  - Masonry
  - RegexKitLite

SPEC CHECKSUMS:
  BEMCheckBox: 5ba6e37ade3d3657b36caecc35c8b75c6c2b1a4e
  DGActivityIndicatorView: ff2c76073d79692f724863c8dd38685866a03cb6
  Masonry: 678fab65091a9290e40e2832a55e7ab731aad201
  RegexKitLite: c0e4c12e6e7de0769f3a3ed679f0f61604170661

PODFILE CHECKSUM: 7352133ee8e103754f506213f1fa6ecca87f677a

COCOAPODS: 1.3.1
